{
  "name": "@softure-ai/compat",
  "version": "0.0.0",
  "lockfileVersion": 3,
  "requires": true,
  "packages": {
    "": {
      "name": "@softure-ai/compat",
      "version": "0.0.0",
      "license": "MIT",
      "devDependencies": {
        "@softure-ai/skills": "^0.4.0"
      },
      "engines": {
        "node": ">=22"
      }
    },
    "node_modules/@softure-ai/skills": {
      "version": "0.4.0",
      "resolved": "https://registry.npmjs.org/@softure-ai/skills/-/skills-0.4.0.tgz",
      "integrity": "sha512-8cMI5Hc9nEXb2znl4pbJKEG4lv/ZT6JlvJHbi04dS6B7nGjaygCONlsOdySjBSnCq6jcuhJAr+aAZ8vXWa0lWw==",
      "dev": true,
      "hasInstallScript": true,
      "license": "MIT",
      "bin": {
        "softure-skills": "scripts/install.mjs"
      },
      "engines": {
        "node": ">=20"
      }
    }
  }
}
